
Microsoft Visual Studio Solution File, Format Version 12.00
# Visual Studio Version 16
VisualStudioVersion = 16.0.28803.452
MinimumVisualStudioVersion = 10.0.40219.1
Project("{FAE04EC0-301F-11D3-BF4B-00C04F79EFBC}") = "TeaBagMaker", "TeaBagMaker\TeaBagMaker.csproj", "{0C9AEB47-6E76-4F8D-9360-90A83140E90F}"
EndProject
Global
	GlobalSection(SolutionConfigurationPlatforms) = preSolution
		Debug|Any CPU = Debug|Any CPU
		Release|Any CPU = Release|Any CPU
	EndGlobalSection
	GlobalSection(ProjectConfigurationPlatforms) = postSolution
		{0C9AEB47-6E76-4F8D-9360-90A83140E90F}.Debug|Any CPU.ActiveCfg = Debug|Any CPU
		{0C9AEB47-6E76-4F8D-9360-90A83140E90F}.Debug|Any CPU.Build.0 = Debug|Any CPU
		{0C9AEB47-6E76-4F8D-9360-90A83140E90F}.Release|Any CPU.ActiveCfg = Release|Any CPU
		{0C9AEB47-6E76-4F8D-9360-90A83140E90F}.Release|Any CPU.Build.0 = Release|Any CPU
	EndGlobalSection
	GlobalSection(SolutionProperties) = preSolution
		HideSolutionNode = FALSE
	EndGlobalSection
	GlobalSection(ExtensibilityGlobals) = postSolution
		SolutionGuid = {272F0317-F5DB-4C48-84B5-796936DC313F}
	EndGlobalSection
EndGlobal
